// !$*UTF8*$!
{
	archiveVersion = 1;
	classes = {
	};
	objectVersion = 50;
	objects = {

/* Begin PBXAggregateTarget section */
		71C8A472222ED6A600394F6F /* documentation */ = {
			isa = PBXAggregateTarget;
			buildConfigurationList = 71C8A473222ED6A700394F6F /* Build configuration list for PBXAggregateTarget "documentation" */;
			buildPhases = (
				71C8A476222ED6B800394F6F /* ShellScript */,
			);
			dependencies = (
			);
			name = documentation;
			productName = documentation;
		};
/* End PBXAggregateTarget section */

/* Begin PBXBuildFile section */
		715122D02236DEA500DBDAC7 /* SizeAPI.h in Headers */ = {isa = PBXBuildFile; fileRef = 715122CF2236DEA500DBDAC7 /* SizeAPI.h */; settings = {ATTRIBUTES = (Public, ); }; };
		715122D42236E2D800DBDAC7 /* BaseAPI+SizeAPI.h in Headers */ = {isa = PBXBuildFile; fileRef = 715122D32236E2D800DBDAC7 /* BaseAPI+SizeAPI.h */; settings = {ATTRIBUTES = (Public, ); }; };
		715122D62236E37700DBDAC7 /* BaseAPI+SizeAPI.m in Sources */ = {isa = PBXBuildFile; fileRef = 715122D52236E37700DBDAC7 /* BaseAPI+SizeAPI.m */; };
		715122D82237BD7000DBDAC7 /* APITests.m in Sources */ = {isa = PBXBuildFile; fileRef = 715122D72237BD7000DBDAC7 /* APITests.m */; };
		715122DB2237DA6F00DBDAC7 /* BaseAPI+BuildAPI.h in Headers */ = {isa = PBXBuildFile; fileRef = 715122D92237DA6F00DBDAC7 /* BaseAPI+BuildAPI.h */; };
		715122DC2237DA6F00DBDAC7 /* BaseAPI+BuildAPI.m in Sources */ = {isa = PBXBuildFile; fileRef = 715122DA2237DA6F00DBDAC7 /* BaseAPI+BuildAPI.m */; };
		715122DE2237DAFC00DBDAC7 /* BuildAPI.h in Headers */ = {isa = PBXBuildFile; fileRef = 715122DD2237DAFC00DBDAC7 /* BuildAPI.h */; };
		716E9DC022299AD300CADA32 /* Dependencies.h in Headers */ = {isa = PBXBuildFile; fileRef = 719D627C222994AF00377E33 /* Dependencies.h */; settings = {ATTRIBUTES = (Public, ); }; };
		716E9DC122299AD300CADA32 /* BrandAPI.h in Headers */ = {isa = PBXBuildFile; fileRef = 719D6280222994AF00377E33 /* BrandAPI.h */; settings = {ATTRIBUTES = (Public, ); }; };
		716E9DC222299AD300CADA32 /* RipeAPI.h in Headers */ = {isa = PBXBuildFile; fileRef = 719D6281222994AF00377E33 /* RipeAPI.h */; settings = {ATTRIBUTES = (Public, ); }; };
		716E9DC322299AD300CADA32 /* Visual.h in Headers */ = {isa = PBXBuildFile; fileRef = 719D6282222994AF00377E33 /* Visual.h */; settings = {ATTRIBUTES = (Public, ); }; };
		716E9DC422299AD300CADA32 /* Ripe.h in Headers */ = {isa = PBXBuildFile; fileRef = 719D6286222994AF00377E33 /* Ripe.h */; settings = {ATTRIBUTES = (Public, ); }; };
		716E9DC522299AD300CADA32 /* Promise.h in Headers */ = {isa = PBXBuildFile; fileRef = 719D6287222994AF00377E33 /* Promise.h */; settings = {ATTRIBUTES = (Public, ); }; };
		716E9DC622299AD300CADA32 /* BaseAPI.h in Headers */ = {isa = PBXBuildFile; fileRef = 719D6288222994AF00377E33 /* BaseAPI.h */; settings = {ATTRIBUTES = (Public, ); }; };
		716E9DC722299AD300CADA32 /* BaseAPI+BrandAPI.h in Headers */ = {isa = PBXBuildFile; fileRef = 719D6289222994AF00377E33 /* BaseAPI+BrandAPI.h */; settings = {ATTRIBUTES = (Public, ); }; };
		716E9DC822299AD300CADA32 /* Interactable.h in Headers */ = {isa = PBXBuildFile; fileRef = 719D628A222994AF00377E33 /* Interactable.h */; settings = {ATTRIBUTES = (Public, ); }; };
		716E9DC922299AD300CADA32 /* Image.h in Headers */ = {isa = PBXBuildFile; fileRef = 719D628B222994AF00377E33 /* Image.h */; settings = {ATTRIBUTES = (Public, ); }; };
		716E9DCA22299AD300CADA32 /* Observable.h in Headers */ = {isa = PBXBuildFile; fileRef = 719D628C222994AF00377E33 /* Observable.h */; settings = {ATTRIBUTES = (Public, ); }; };
		716E9DCB22299AD300CADA32 /* Base.h in Headers */ = {isa = PBXBuildFile; fileRef = 719D628E222994AF00377E33 /* Base.h */; settings = {ATTRIBUTES = (Public, ); }; };
		719D622822298A3D00377E33 /* libripe.a in Frameworks */ = {isa = PBXBuildFile; fileRef = 719D621322298A2600377E33 /* libripe.a */; };
		719D627422298D4500377E33 /* UIKit.framework in Frameworks */ = {isa = PBXBuildFile; fileRef = 719D627322298D4500377E33 /* UIKit.framework */; };
		719D627622298D4B00377E33 /* Foundation.framework in Frameworks */ = {isa = PBXBuildFile; fileRef = 719D627522298D4B00377E33 /* Foundation.framework */; };
		719D628F222994AF00377E33 /* BaseAPI.m in Sources */ = {isa = PBXBuildFile; fileRef = 719D627D222994AF00377E33 /* BaseAPI.m */; };
		719D6290222994AF00377E33 /* Promise.m in Sources */ = {isa = PBXBuildFile; fileRef = 719D627E222994AF00377E33 /* Promise.m */; };
		719D6291222994AF00377E33 /* Base.m in Sources */ = {isa = PBXBuildFile; fileRef = 719D627F222994AF00377E33 /* Base.m */; };
		719D6292222994AF00377E33 /* Image.m in Sources */ = {isa = PBXBuildFile; fileRef = 719D6283222994AF00377E33 /* Image.m */; };
		719D6293222994AF00377E33 /* Observable.m in Sources */ = {isa = PBXBuildFile; fileRef = 719D6284222994AF00377E33 /* Observable.m */; };
		719D6294222994AF00377E33 /* BaseAPI+BrandAPI.m in Sources */ = {isa = PBXBuildFile; fileRef = 719D6285222994AF00377E33 /* BaseAPI+BrandAPI.m */; };
		719D6295222994AF00377E33 /* Visual.m in Sources */ = {isa = PBXBuildFile; fileRef = 719D628D222994AF00377E33 /* Visual.m */; };
		719D629C222994BD00377E33 /* ObservableTests.m in Sources */ = {isa = PBXBuildFile; fileRef = 719D6298222994BC00377E33 /* ObservableTests.m */; };
		719D629D222994BD00377E33 /* PromiseTests.m in Sources */ = {isa = PBXBuildFile; fileRef = 719D6299222994BC00377E33 /* PromiseTests.m */; };
		71C8A468222D8DF800394F6F /* SimpleTests.m in Sources */ = {isa = PBXBuildFile; fileRef = 71C8A467222D8DF800394F6F /* SimpleTests.m */; };
/* End PBXBuildFile section */

/* Begin PBXContainerItemProxy section */
		714491AF2229A8DD00A30E23 /* PBXContainerItemProxy */ = {
			isa = PBXContainerItemProxy;
			containerPortal = 714491AA2229A8DD00A30E23 /* examples.xcodeproj */;
			proxyType = 2;
			remoteGlobalIDString = 7144916C22299E9B00A30E23;
			remoteInfo = hello;
		};
		719D622922298A3D00377E33 /* PBXContainerItemProxy */ = {
			isa = PBXContainerItemProxy;
			containerPortal = 719D620B22298A2600377E33 /* Project object */;
			proxyType = 1;
			remoteGlobalIDString = 719D621222298A2600377E33;
			remoteInfo = ripe;
		};
		71C8A46B222D8DF900394F6F /* PBXContainerItemProxy */ = {
			isa = PBXContainerItemProxy;
			containerPortal = 714491AA2229A8DD00A30E23 /* examples.xcodeproj */;
			proxyType = 2;
			remoteGlobalIDString = 711A920B2229AB5400A32992;
			remoteInfo = hello_swift;
		};
/* End PBXContainerItemProxy section */

/* Begin PBXCopyFilesBuildPhase section */
		719D621122298A2600377E33 /* CopyFiles */ = {
			isa = PBXCopyFilesBuildPhase;
			buildActionMask = 2147483647;
			dstPath = "include/$(PRODUCT_NAME)";
			dstSubfolderSpec = 16;
			files = (
			);
			runOnlyForDeploymentPostprocessing = 0;
		};
/* End PBXCopyFilesBuildPhase section */

/* Begin PBXFileReference section */
		714491AA2229A8DD00A30E23 /* examples.xcodeproj */ = {isa = PBXFileReference; lastKnownFileType = "wrapper.pb-project"; name = examples.xcodeproj; path = examples/examples.xcodeproj; sourceTree = "<group>"; };
		715122CF2236DEA500DBDAC7 /* SizeAPI.h */ = {isa = PBXFileReference; lastKnownFileType = sourcecode.c.h; path = SizeAPI.h; sourceTree = "<group>"; };
		715122D32236E2D800DBDAC7 /* BaseAPI+SizeAPI.h */ = {isa = PBXFileReference; lastKnownFileType = sourcecode.c.h; path = "BaseAPI+SizeAPI.h"; sourceTree = "<group>"; };
		715122D52236E37700DBDAC7 /* BaseAPI+SizeAPI.m */ = {isa = PBXFileReference; lastKnownFileType = sourcecode.c.objc; path = "BaseAPI+SizeAPI.m"; sourceTree = "<group>"; };
		715122D72237BD7000DBDAC7 /* APITests.m */ = {isa = PBXFileReference; lastKnownFileType = sourcecode.c.objc; path = APITests.m; sourceTree = "<group>"; };
		715122D92237DA6F00DBDAC7 /* BaseAPI+BuildAPI.h */ = {isa = PBXFileReference; lastKnownFileType = sourcecode.c.h; path = "BaseAPI+BuildAPI.h"; sourceTree = "<group>"; };
		715122DA2237DA6F00DBDAC7 /* BaseAPI+BuildAPI.m */ = {isa = PBXFileReference; lastKnownFileType = sourcecode.c.objc; path = "BaseAPI+BuildAPI.m"; sourceTree = "<group>"; };
		715122DD2237DAFC00DBDAC7 /* BuildAPI.h */ = {isa = PBXFileReference; lastKnownFileType = sourcecode.c.h; path = BuildAPI.h; sourceTree = "<group>"; };
		719D621322298A2600377E33 /* libripe.a */ = {isa = PBXFileReference; explicitFileType = archive.ar; includeInIndex = 0; path = libripe.a; sourceTree = BUILT_PRODUCTS_DIR; };
		719D622322298A3D00377E33 /* test.xctest */ = {isa = PBXFileReference; explicitFileType = wrapper.cfbundle; includeInIndex = 0; path = test.xctest; sourceTree = BUILT_PRODUCTS_DIR; };
		719D627322298D4500377E33 /* UIKit.framework */ = {isa = PBXFileReference; lastKnownFileType = wrapper.framework; name = UIKit.framework; path = System/Library/Frameworks/UIKit.framework; sourceTree = SDKROOT; };
		719D627522298D4B00377E33 /* Foundation.framework */ = {isa = PBXFileReference; lastKnownFileType = wrapper.framework; name = Foundation.framework; path = System/Library/Frameworks/Foundation.framework; sourceTree = SDKROOT; };
		719D627C222994AF00377E33 /* Dependencies.h */ = {isa = PBXFileReference; fileEncoding = 4; lastKnownFileType = sourcecode.c.h; path = Dependencies.h; sourceTree = "<group>"; };
		719D627D222994AF00377E33 /* BaseAPI.m */ = {isa = PBXFileReference; fileEncoding = 4; lastKnownFileType = sourcecode.c.objc; path = BaseAPI.m; sourceTree = "<group>"; };
		719D627E222994AF00377E33 /* Promise.m */ = {isa = PBXFileReference; fileEncoding = 4; lastKnownFileType = sourcecode.c.objc; path = Promise.m; sourceTree = "<group>"; };
		719D627F222994AF00377E33 /* Base.m */ = {isa = PBXFileReference; fileEncoding = 4; lastKnownFileType = sourcecode.c.objc; path = Base.m; sourceTree = "<group>"; };
		719D6280222994AF00377E33 /* BrandAPI.h */ = {isa = PBXFileReference; fileEncoding = 4; lastKnownFileType = sourcecode.c.h; path = BrandAPI.h; sourceTree = "<group>"; };
		719D6281222994AF00377E33 /* RipeAPI.h */ = {isa = PBXFileReference; fileEncoding = 4; lastKnownFileType = sourcecode.c.h; path = RipeAPI.h; sourceTree = "<group>"; };
		719D6282222994AF00377E33 /* Visual.h */ = {isa = PBXFileReference; fileEncoding = 4; lastKnownFileType = sourcecode.c.h; path = Visual.h; sourceTree = "<group>"; };
		719D6283222994AF00377E33 /* Image.m */ = {isa = PBXFileReference; fileEncoding = 4; lastKnownFileType = sourcecode.c.objc; path = Image.m; sourceTree = "<group>"; };
		719D6284222994AF00377E33 /* Observable.m */ = {isa = PBXFileReference; fileEncoding = 4; lastKnownFileType = sourcecode.c.objc; path = Observable.m; sourceTree = "<group>"; };
		719D6285222994AF00377E33 /* BaseAPI+BrandAPI.m */ = {isa = PBXFileReference; fileEncoding = 4; lastKnownFileType = sourcecode.c.objc; path = "BaseAPI+BrandAPI.m"; sourceTree = "<group>"; };
		719D6286222994AF00377E33 /* Ripe.h */ = {isa = PBXFileReference; fileEncoding = 4; lastKnownFileType = sourcecode.c.h; path = Ripe.h; sourceTree = "<group>"; };
		719D6287222994AF00377E33 /* Promise.h */ = {isa = PBXFileReference; fileEncoding = 4; lastKnownFileType = sourcecode.c.h; path = Promise.h; sourceTree = "<group>"; };
		719D6288222994AF00377E33 /* BaseAPI.h */ = {isa = PBXFileReference; fileEncoding = 4; lastKnownFileType = sourcecode.c.h; path = BaseAPI.h; sourceTree = "<group>"; };
		719D6289222994AF00377E33 /* BaseAPI+BrandAPI.h */ = {isa = PBXFileReference; fileEncoding = 4; lastKnownFileType = sourcecode.c.h; path = "BaseAPI+BrandAPI.h"; sourceTree = "<group>"; };
		719D628A222994AF00377E33 /* Interactable.h */ = {isa = PBXFileReference; fileEncoding = 4; lastKnownFileType = sourcecode.c.h; path = Interactable.h; sourceTree = "<group>"; };
		719D628B222994AF00377E33 /* Image.h */ = {isa = PBXFileReference; fileEncoding = 4; lastKnownFileType = sourcecode.c.h; path = Image.h; sourceTree = "<group>"; };
		719D628C222994AF00377E33 /* Observable.h */ = {isa = PBXFileReference; fileEncoding = 4; lastKnownFileType = sourcecode.c.h; path = Observable.h; sourceTree = "<group>"; };
		719D628D222994AF00377E33 /* Visual.m */ = {isa = PBXFileReference; fileEncoding = 4; lastKnownFileType = sourcecode.c.objc; path = Visual.m; sourceTree = "<group>"; };
		719D628E222994AF00377E33 /* Base.h */ = {isa = PBXFileReference; fileEncoding = 4; lastKnownFileType = sourcecode.c.h; path = Base.h; sourceTree = "<group>"; };
		719D6297222994BC00377E33 /* Dependencies.h */ = {isa = PBXFileReference; fileEncoding = 4; lastKnownFileType = sourcecode.c.h; path = Dependencies.h; sourceTree = "<group>"; };
		719D6298222994BC00377E33 /* ObservableTests.m */ = {isa = PBXFileReference; fileEncoding = 4; lastKnownFileType = sourcecode.c.objc; path = ObservableTests.m; sourceTree = "<group>"; };
		719D6299222994BC00377E33 /* PromiseTests.m */ = {isa = PBXFileReference; fileEncoding = 4; lastKnownFileType = sourcecode.c.objc; path = PromiseTests.m; sourceTree = "<group>"; };
		719D629B222994BC00377E33 /* Info.plist */ = {isa = PBXFileReference; fileEncoding = 4; lastKnownFileType = text.plist.xml; path = Info.plist; sourceTree = "<group>"; };
		719D62A12229972300377E33 /* Podfile */ = {isa = PBXFileReference; lastKnownFileType = text; path = Podfile; sourceTree = "<group>"; };
		719D62A22229972300377E33 /* Ripe.podspec */ = {isa = PBXFileReference; lastKnownFileType = text; path = Ripe.podspec; sourceTree = "<group>"; };
		71C8A467222D8DF800394F6F /* SimpleTests.m */ = {isa = PBXFileReference; lastKnownFileType = sourcecode.c.objc; path = SimpleTests.m; sourceTree = "<group>"; };
		71C8A46F222EBB6F00394F6F /* AppledocSettings.plist */ = {isa = PBXFileReference; lastKnownFileType = text.plist.xml; path = AppledocSettings.plist; sourceTree = "<group>"; };
/* End PBXFileReference section */

/* Begin PBXFrameworksBuildPhase section */
		719D621022298A2600377E33 /* Frameworks */ = {
			isa = PBXFrameworksBuildPhase;
			buildActionMask = 2147483647;
			files = (
				719D627622298D4B00377E33 /* Foundation.framework in Frameworks */,
				719D627422298D4500377E33 /* UIKit.framework in Frameworks */,
			);
			runOnlyForDeploymentPostprocessing = 0;
		};
		719D622022298A3D00377E33 /* Frameworks */ = {
			isa = PBXFrameworksBuildPhase;
			buildActionMask = 2147483647;
			files = (
				719D622822298A3D00377E33 /* libripe.a in Frameworks */,
			);
			runOnlyForDeploymentPostprocessing = 0;
		};
/* End PBXFrameworksBuildPhase section */

/* Begin PBXGroup section */
		7144915F22299D2200A30E23 /* base */ = {
			isa = PBXGroup;
			children = (
				719D628E222994AF00377E33 /* Base.h */,
				719D627F222994AF00377E33 /* Base.m */,
				719D628A222994AF00377E33 /* Interactable.h */,
				719D628C222994AF00377E33 /* Observable.h */,
				719D6284222994AF00377E33 /* Observable.m */,
				719D6287222994AF00377E33 /* Promise.h */,
				719D627E222994AF00377E33 /* Promise.m */,
			);
			name = base;
			sourceTree = "<group>";
		};
		7144916022299D5500A30E23 /* api */ = {
			isa = PBXGroup;
			children = (
				719D6288222994AF00377E33 /* BaseAPI.h */,
				719D627D222994AF00377E33 /* BaseAPI.m */,
				719D6289222994AF00377E33 /* BaseAPI+BrandAPI.h */,
				719D6285222994AF00377E33 /* BaseAPI+BrandAPI.m */,
				715122D92237DA6F00DBDAC7 /* BaseAPI+BuildAPI.h */,
				715122DA2237DA6F00DBDAC7 /* BaseAPI+BuildAPI.m */,
				715122D32236E2D800DBDAC7 /* BaseAPI+SizeAPI.h */,
				715122D52236E37700DBDAC7 /* BaseAPI+SizeAPI.m */,
				719D6280222994AF00377E33 /* BrandAPI.h */,
				715122DD2237DAFC00DBDAC7 /* BuildAPI.h */,
				719D6281222994AF00377E33 /* RipeAPI.h */,
				715122CF2236DEA500DBDAC7 /* SizeAPI.h */,
			);
			name = api;
			sourceTree = "<group>";
		};
		7144916122299D6700A30E23 /* visual */ = {
			isa = PBXGroup;
			children = (
				719D6282222994AF00377E33 /* Visual.h */,
				719D628D222994AF00377E33 /* Visual.m */,
				719D628B222994AF00377E33 /* Image.h */,
				719D6283222994AF00377E33 /* Image.m */,
			);
			name = visual;
			sourceTree = "<group>";
		};
		714491AB2229A8DD00A30E23 /* Products */ = {
			isa = PBXGroup;
			children = (
				714491B02229A8DD00A30E23 /* hello.app */,
				71C8A46C222D8DF900394F6F /* hello_swift.app */,
			);
			name = Products;
			sourceTree = "<group>";
		};
		719D620A22298A2600377E33 = {
			isa = PBXGroup;
			children = (
				714491AA2229A8DD00A30E23 /* examples.xcodeproj */,
				719D627A2229943A00377E33 /* Ripe */,
				719D627222298D4500377E33 /* Frameworks */,
				719D621422298A2600377E33 /* Products */,
				719D62A12229972300377E33 /* Podfile */,
				719D62A22229972300377E33 /* Ripe.podspec */,
				71C8A46F222EBB6F00394F6F /* AppledocSettings.plist */,
			);
			sourceTree = "<group>";
		};
		719D621422298A2600377E33 /* Products */ = {
			isa = PBXGroup;
			children = (
				719D621322298A2600377E33 /* libripe.a */,
				719D622322298A3D00377E33 /* test.xctest */,
			);
			name = Products;
			sourceTree = "<group>";
		};
		719D627222298D4500377E33 /* Frameworks */ = {
			isa = PBXGroup;
			children = (
				719D627522298D4B00377E33 /* Foundation.framework */,
				719D627322298D4500377E33 /* UIKit.framework */,
			);
			name = Frameworks;
			sourceTree = "<group>";
		};
		719D627A2229943A00377E33 /* Ripe */ = {
			isa = PBXGroup;
			children = (
				719D627B222994AF00377E33 /* classes */,
				719D6296222994BC00377E33 /* test */,
			);
			name = Ripe;
			sourceTree = "<group>";
		};
		719D627B222994AF00377E33 /* classes */ = {
			isa = PBXGroup;
			children = (
				719D6286222994AF00377E33 /* Ripe.h */,
				719D627C222994AF00377E33 /* Dependencies.h */,
				7144916022299D5500A30E23 /* api */,
				7144915F22299D2200A30E23 /* base */,
				7144916122299D6700A30E23 /* visual */,
			);
			name = classes;
			path = src/classes;
			sourceTree = "<group>";
		};
		719D6296222994BC00377E33 /* test */ = {
			isa = PBXGroup;
			children = (
				719D6297222994BC00377E33 /* Dependencies.h */,
				719D6298222994BC00377E33 /* ObservableTests.m */,
				719D6299222994BC00377E33 /* PromiseTests.m */,
				719D629B222994BC00377E33 /* Info.plist */,
				71C8A467222D8DF800394F6F /* SimpleTests.m */,
				715122D72237BD7000DBDAC7 /* APITests.m */,
			);
			name = test;
			path = src/test;
			sourceTree = "<group>";
		};
/* End PBXGroup section */

/* Begin PBXHeadersBuildPhase section */
		716E9DBF22299AC700CADA32 /* Headers */ = {
			isa = PBXHeadersBuildPhase;
			buildActionMask = 2147483647;
			files = (
				716E9DC022299AD300CADA32 /* Dependencies.h in Headers */,
				716E9DC122299AD300CADA32 /* BrandAPI.h in Headers */,
				715122D42236E2D800DBDAC7 /* BaseAPI+SizeAPI.h in Headers */,
				716E9DC222299AD300CADA32 /* RipeAPI.h in Headers */,
				716E9DC322299AD300CADA32 /* Visual.h in Headers */,
				716E9DC422299AD300CADA32 /* Ripe.h in Headers */,
				716E9DC522299AD300CADA32 /* Promise.h in Headers */,
				715122DB2237DA6F00DBDAC7 /* BaseAPI+BuildAPI.h in Headers */,
				715122D02236DEA500DBDAC7 /* SizeAPI.h in Headers */,
				716E9DC622299AD300CADA32 /* BaseAPI.h in Headers */,
				715122DE2237DAFC00DBDAC7 /* BuildAPI.h in Headers */,
				716E9DC722299AD300CADA32 /* BaseAPI+BrandAPI.h in Headers */,
				716E9DC822299AD300CADA32 /* Interactable.h in Headers */,
				716E9DC922299AD300CADA32 /* Image.h in Headers */,
				716E9DCA22299AD300CADA32 /* Observable.h in Headers */,
				716E9DCB22299AD300CADA32 /* Base.h in Headers */,
			);
			runOnlyForDeploymentPostprocessing = 0;
		};
/* End PBXHeadersBuildPhase section */

/* Begin PBXNativeTarget section */
		719D621222298A2600377E33 /* ripe */ = {
			isa = PBXNativeTarget;
			buildConfigurationList = 719D621C22298A2600377E33 /* Build configuration list for PBXNativeTarget "ripe" */;
			buildPhases = (
				716E9DBF22299AC700CADA32 /* Headers */,
				719D620F22298A2600377E33 /* Sources */,
				719D621022298A2600377E33 /* Frameworks */,
				719D621122298A2600377E33 /* CopyFiles */,
			);
			buildRules = (
			);
			dependencies = (
			);
			name = ripe;
			productName = ripe;
			productReference = 719D621322298A2600377E33 /* libripe.a */;
			productType = "com.apple.product-type.library.static";
		};
		719D622222298A3D00377E33 /* test */ = {
			isa = PBXNativeTarget;
			buildConfigurationList = 719D622B22298A3D00377E33 /* Build configuration list for PBXNativeTarget "test" */;
			buildPhases = (
				719D621F22298A3D00377E33 /* Sources */,
				719D622022298A3D00377E33 /* Frameworks */,
				719D622122298A3D00377E33 /* Resources */,
			);
			buildRules = (
			);
			dependencies = (
				719D622A22298A3D00377E33 /* PBXTargetDependency */,
			);
			name = test;
			productName = tests;
			productReference = 719D622322298A3D00377E33 /* test.xctest */;
			productType = "com.apple.product-type.bundle.unit-test";
		};
/* End PBXNativeTarget section */

/* Begin PBXProject section */
		719D620B22298A2600377E33 /* Project object */ = {
			isa = PBXProject;
			attributes = {
				LastUpgradeCheck = 1010;
				ORGANIZATIONNAME = Platfome;
				TargetAttributes = {
					719D621222298A2600377E33 = {
						CreatedOnToolsVersion = 10.1;
					};
					719D622222298A3D00377E33 = {
						CreatedOnToolsVersion = 10.1;
					};
					71C8A472222ED6A600394F6F = {
						CreatedOnToolsVersion = 10.1;
					};
				};
			};
			buildConfigurationList = 719D620E22298A2600377E33 /* Build configuration list for PBXProject "ripe" */;
			compatibilityVersion = "Xcode 9.3";
			developmentRegion = en;
			hasScannedForEncodings = 0;
			knownRegions = (
				en,
			);
			mainGroup = 719D620A22298A2600377E33;
			productRefGroup = 719D621422298A2600377E33 /* Products */;
			projectDirPath = "";
			projectReferences = (
				{
					ProductGroup = 714491AB2229A8DD00A30E23 /* Products */;
					ProjectRef = 714491AA2229A8DD00A30E23 /* examples.xcodeproj */;
				},
			);
			projectRoot = "";
			targets = (
				719D621222298A2600377E33 /* ripe */,
				719D622222298A3D00377E33 /* test */,
				71C8A472222ED6A600394F6F /* documentation */,
			);
		};
/* End PBXProject section */

/* Begin PBXReferenceProxy section */
		714491B02229A8DD00A30E23 /* hello.app */ = {
			isa = PBXReferenceProxy;
			fileType = wrapper.application;
			path = hello.app;
			remoteRef = 714491AF2229A8DD00A30E23 /* PBXContainerItemProxy */;
			sourceTree = BUILT_PRODUCTS_DIR;
		};
		71C8A46C222D8DF900394F6F /* hello_swift.app */ = {
			isa = PBXReferenceProxy;
			fileType = wrapper.application;
			path = hello_swift.app;
			remoteRef = 71C8A46B222D8DF900394F6F /* PBXContainerItemProxy */;
			sourceTree = BUILT_PRODUCTS_DIR;
		};
/* End PBXReferenceProxy section */

/* Begin PBXResourcesBuildPhase section */
		719D622122298A3D00377E33 /* Resources */ = {
			isa = PBXResourcesBuildPhase;
			buildActionMask = 2147483647;
			files = (
			);
			runOnlyForDeploymentPostprocessing = 0;
		};
/* End PBXResourcesBuildPhase section */

/* Begin PBXShellScriptBuildPhase section */
		71C8A476222ED6B800394F6F /* ShellScript */ = {
			isa = PBXShellScriptBuildPhase;
			buildActionMask = 2147483647;
			files = (
			);
			inputFileListPaths = (
			);
			inputPaths = (
			);
			outputFileListPaths = (
			);
			outputPaths = (
			);
			runOnlyForDeploymentPostprocessing = 0;
			shellPath = /bin/sh;
			shellScript = "# Type a script or drag a script file from your workspace to insert its path.\njazzy --config=.jazzy.yaml\n";
		};
/* End PBXShellScriptBuildPhase section */

/* Begin PBXSourcesBuildPhase section */
		719D620F22298A2600377E33 /* Sources */ = {
			isa = PBXSourcesBuildPhase;
			buildActionMask = 2147483647;
			files = (
				719D6294222994AF00377E33 /* BaseAPI+BrandAPI.m in Sources */,
				715122D62236E37700DBDAC7 /* BaseAPI+SizeAPI.m in Sources */,
				719D6293222994AF00377E33 /* Observable.m in Sources */,
				719D6295222994AF00377E33 /* Visual.m in Sources */,
				719D628F222994AF00377E33 /* BaseAPI.m in Sources */,
				719D6292222994AF00377E33 /* Image.m in Sources */,
				719D6291222994AF00377E33 /* Base.m in Sources */,
				719D6290222994AF00377E33 /* Promise.m in Sources */,
				715122DC2237DA6F00DBDAC7 /* BaseAPI+BuildAPI.m in Sources */,
			);
			runOnlyForDeploymentPostprocessing = 0;
		};
		719D621F22298A3D00377E33 /* Sources */ = {
			isa = PBXSourcesBuildPhase;
			buildActionMask = 2147483647;
			files = (
				719D629C222994BD00377E33 /* ObservableTests.m in Sources */,
				719D629D222994BD00377E33 /* PromiseTests.m in Sources */,
				715122D82237BD7000DBDAC7 /* APITests.m in Sources */,
				71C8A468222D8DF800394F6F /* SimpleTests.m in Sources */,
			);
			runOnlyForDeploymentPostprocessing = 0;
		};
/* End PBXSourcesBuildPhase section */

/* Begin PBXTargetDependency section */
		719D622A22298A3D00377E33 /* PBXTargetDependency */ = {
			isa = PBXTargetDependency;
			target = 719D621222298A2600377E33 /* ripe */;
			targetProxy = 719D622922298A3D00377E33 /* PBXContainerItemProxy */;
		};
/* End PBXTargetDependency section */

/* Begin XCBuildConfiguration section */
		719D621A22298A2600377E33 /* Debug */ = {
			isa = XCBuildConfiguration;
			buildSettings = {
				ALWAYS_SEARCH_USER_PATHS = NO;
				CLANG_ANALYZER_NONNULL = YES;
				CLANG_ANALYZER_NUMBER_OBJECT_CONVERSION = YES_AGGRESSIVE;
				CLANG_CXX_LANGUAGE_STANDARD = "gnu++14";
				CLANG_CXX_LIBRARY = "libc++";
				CLANG_ENABLE_MODULES = YES;
				CLANG_ENABLE_OBJC_ARC = YES;
				CLANG_ENABLE_OBJC_WEAK = YES;
				CLANG_WARN_BLOCK_CAPTURE_AUTORELEASING = YES;
				CLANG_WARN_BOOL_CONVERSION = YES;
				CLANG_WARN_COMMA = YES;
				CLANG_WARN_CONSTANT_CONVERSION = YES;
				CLANG_WARN_DEPRECATED_OBJC_IMPLEMENTATIONS = YES;
				CLANG_WARN_DIRECT_OBJC_ISA_USAGE = YES_ERROR;
				CLANG_WARN_DOCUMENTATION_COMMENTS = YES;
				CLANG_WARN_EMPTY_BODY = YES;
				CLANG_WARN_ENUM_CONVERSION = YES;
				CLANG_WARN_INFINITE_RECURSION = YES;
				CLANG_WARN_INT_CONVERSION = YES;
				CLANG_WARN_NON_LITERAL_NULL_CONVERSION = YES;
				CLANG_WARN_OBJC_IMPLICIT_RETAIN_SELF = YES;
				CLANG_WARN_OBJC_LITERAL_CONVERSION = YES;
				CLANG_WARN_OBJC_ROOT_CLASS = YES_ERROR;
				CLANG_WARN_RANGE_LOOP_ANALYSIS = YES;
				CLANG_WARN_STRICT_PROTOTYPES = YES;
				CLANG_WARN_SUSPICIOUS_MOVE = YES;
				CLANG_WARN_UNGUARDED_AVAILABILITY = YES_AGGRESSIVE;
				CLANG_WARN_UNREACHABLE_CODE = YES;
				CLANG_WARN__DUPLICATE_METHOD_MATCH = YES;
				CODE_SIGN_IDENTITY = "iPhone Developer";
				COPY_PHASE_STRIP = NO;
				DEBUG_INFORMATION_FORMAT = dwarf;
				ENABLE_STRICT_OBJC_MSGSEND = YES;
				ENABLE_TESTABILITY = YES;
				GCC_C_LANGUAGE_STANDARD = gnu11;
				GCC_DYNAMIC_NO_PIC = NO;
				GCC_NO_COMMON_BLOCKS = YES;
				GCC_OPTIMIZATION_LEVEL = 0;
				GCC_PREPROCESSOR_DEFINITIONS = (
					"DEBUG=1",
					"$(inherited)",
				);
				GCC_WARN_64_TO_32_BIT_CONVERSION = YES;
				GCC_WARN_ABOUT_RETURN_TYPE = YES_ERROR;
				GCC_WARN_UNDECLARED_SELECTOR = YES;
				GCC_WARN_UNINITIALIZED_AUTOS = YES_AGGRESSIVE;
				GCC_WARN_UNUSED_FUNCTION = YES;
				GCC_WARN_UNUSED_VARIABLE = YES;
				IPHONEOS_DEPLOYMENT_TARGET = 12.1;
				MTL_ENABLE_DEBUG_INFO = INCLUDE_SOURCE;
				MTL_FAST_MATH = YES;
				ONLY_ACTIVE_ARCH = YES;
				SDKROOT = iphoneos;
			};
			name = Debug;
		};
		719D621B22298A2600377E33 /* Release */ = {
			isa = XCBuildConfiguration;
			buildSettings = {
				ALWAYS_SEARCH_USER_PATHS = NO;
				CLANG_ANALYZER_NONNULL = YES;
				CLANG_ANALYZER_NUMBER_OBJECT_CONVERSION = YES_AGGRESSIVE;
				CLANG_CXX_LANGUAGE_STANDARD = "gnu++14";
				CLANG_CXX_LIBRARY = "libc++";
				CLANG_ENABLE_MODULES = YES;
				CLANG_ENABLE_OBJC_ARC = YES;
				CLANG_ENABLE_OBJC_WEAK = YES;
				CLANG_WARN_BLOCK_CAPTURE_AUTORELEASING = YES;
				CLANG_WARN_BOOL_CONVERSION = YES;
				CLANG_WARN_COMMA = YES;
				CLANG_WARN_CONSTANT_CONVERSION = YES;
				CLANG_WARN_DEPRECATED_OBJC_IMPLEMENTATIONS = YES;
				CLANG_WARN_DIRECT_OBJC_ISA_USAGE = YES_ERROR;
				CLANG_WARN_DOCUMENTATION_COMMENTS = YES;
				CLANG_WARN_EMPTY_BODY = YES;
				CLANG_WARN_ENUM_CONVERSION = YES;
				CLANG_WARN_INFINITE_RECURSION = YES;
				CLANG_WARN_INT_CONVERSION = YES;
				CLANG_WARN_NON_LITERAL_NULL_CONVERSION = YES;
				CLANG_WARN_OBJC_IMPLICIT_RETAIN_SELF = YES;
				CLANG_WARN_OBJC_LITERAL_CONVERSION = YES;
				CLANG_WARN_OBJC_ROOT_CLASS = YES_ERROR;
				CLANG_WARN_RANGE_LOOP_ANALYSIS = YES;
				CLANG_WARN_STRICT_PROTOTYPES = YES;
				CLANG_WARN_SUSPICIOUS_MOVE = YES;
				CLANG_WARN_UNGUARDED_AVAILABILITY = YES_AGGRESSIVE;
				CLANG_WARN_UNREACHABLE_CODE = YES;
				CLANG_WARN__DUPLICATE_METHOD_MATCH = YES;
				CODE_SIGN_IDENTITY = "iPhone Developer";
				COPY_PHASE_STRIP = NO;
				DEBUG_INFORMATION_FORMAT = "dwarf-with-dsym";
				ENABLE_NS_ASSERTIONS = NO;
				ENABLE_STRICT_OBJC_MSGSEND = YES;
				GCC_C_LANGUAGE_STANDARD = gnu11;
				GCC_NO_COMMON_BLOCKS = YES;
				GCC_WARN_64_TO_32_BIT_CONVERSION = YES;
				GCC_WARN_ABOUT_RETURN_TYPE = YES_ERROR;
				GCC_WARN_UNDECLARED_SELECTOR = YES;
				GCC_WARN_UNINITIALIZED_AUTOS = YES_AGGRESSIVE;
				GCC_WARN_UNUSED_FUNCTION = YES;
				GCC_WARN_UNUSED_VARIABLE = YES;
				IPHONEOS_DEPLOYMENT_TARGET = 12.1;
				MTL_ENABLE_DEBUG_INFO = NO;
				MTL_FAST_MATH = YES;
				SDKROOT = iphoneos;
				VALIDATE_PRODUCT = YES;
			};
			name = Release;
		};
		719D621D22298A2600377E33 /* Debug */ = {
			isa = XCBuildConfiguration;
			buildSettings = {
				CODE_SIGN_STYLE = Automatic;
				FRAMEWORK_SEARCH_PATHS = (
					"$(inherited)",
					"@executable_path/Frameworks",
				);
				GCC_PRECOMPILE_PREFIX_HEADER = YES;
				OTHER_LDFLAGS = "-ObjC";
				PRODUCT_NAME = "$(TARGET_NAME)";
				PUBLIC_HEADERS_FOLDER_PATH = "$(TARGET_NAME)";
				SKIP_INSTALL = YES;
				TARGETED_DEVICE_FAMILY = "1,2";
			};
			name = Debug;
		};
		719D621E22298A2600377E33 /* Release */ = {
			isa = XCBuildConfiguration;
			buildSettings = {
				CODE_SIGN_STYLE = Automatic;
				FRAMEWORK_SEARCH_PATHS = (
					"$(inherited)",
					"@executable_path/Frameworks",
				);
				GCC_PRECOMPILE_PREFIX_HEADER = YES;
				OTHER_LDFLAGS = "-ObjC";
				PRODUCT_NAME = "$(TARGET_NAME)";
				PUBLIC_HEADERS_FOLDER_PATH = "$(TARGET_NAME)";
				SKIP_INSTALL = YES;
				TARGETED_DEVICE_FAMILY = "1,2";
			};
			name = Release;
		};
		719D622C22298A3D00377E33 /* Debug */ = {
			isa = XCBuildConfiguration;
			buildSettings = {
				CODE_SIGN_STYLE = Automatic;
				INFOPLIST_FILE = src/test/Info.plist;
				LD_RUNPATH_SEARCH_PATHS = (
					"$(inherited)",
					"@executable_path/Frameworks",
					"@loader_path/Frameworks",
				);
				OTHER_LDFLAGS = "-ObjC";
				PRODUCT_BUNDLE_IDENTIFIER = com.platforme.test;
				PRODUCT_NAME = "$(TARGET_NAME)";
				TARGETED_DEVICE_FAMILY = "1,2";
			};
			name = Debug;
		};
		719D622D22298A3D00377E33 /* Release */ = {
			isa = XCBuildConfiguration;
			buildSettings = {
				CODE_SIGN_STYLE = Automatic;
				INFOPLIST_FILE = src/test/Info.plist;
				LD_RUNPATH_SEARCH_PATHS = (
					"$(inherited)",
					"@executable_path/Frameworks",
					"@loader_path/Frameworks",
				);
				OTHER_LDFLAGS = "-ObjC";
				PRODUCT_BUNDLE_IDENTIFIER = com.platforme.test;
				PRODUCT_NAME = "$(TARGET_NAME)";
				TARGETED_DEVICE_FAMILY = "1,2";
			};
			name = Release;
		};
		71C8A474222ED6A700394F6F /* Debug */ = {
			isa = XCBuildConfiguration;
			buildSettings = {
				CODE_SIGN_STYLE = Automatic;
				PRODUCT_NAME = "$(TARGET_NAME)";
			};
			name = Debug;
		};
		71C8A475222ED6A700394F6F /* Release */ = {
			isa = XCBuildConfiguration;
			buildSettings = {
				CODE_SIGN_STYLE = Automatic;
				PRODUCT_NAME = "$(TARGET_NAME)";
			};
			name = Release;
		};
/* End XCBuildConfiguration section */

/* Begin XCConfigurationList section */
		719D620E22298A2600377E33 /* Build configuration list for PBXProject "ripe" */ = {
			isa = XCConfigurationList;
			buildConfigurations = (
				719D621A22298A2600377E33 /* Debug */,
				719D621B22298A2600377E33 /* Release */,
			);
			defaultConfigurationIsVisible = 0;
			defaultConfigurationName = Release;
		};
		719D621C22298A2600377E33 /* Build configuration list for PBXNativeTarget "ripe" */ = {
			isa = XCConfigurationList;
			buildConfigurations = (
				719D621D22298A2600377E33 /* Debug */,
				719D621E22298A2600377E33 /* Release */,
			);
			defaultConfigurationIsVisible = 0;
			defaultConfigurationName = Release;
		};
		719D622B22298A3D00377E33 /* Build configuration list for PBXNativeTarget "test" */ = {
			isa = XCConfigurationList;
			buildConfigurations = (
				719D622C22298A3D00377E33 /* Debug */,
				719D622D22298A3D00377E33 /* Release */,
			);
			defaultConfigurationIsVisible = 0;
			defaultConfigurationName = Release;
		};
		71C8A473222ED6A700394F6F /* Build configuration list for PBXAggregateTarget "documentation" */ = {
			isa = XCConfigurationList;
			buildConfigurations = (
				71C8A474222ED6A700394F6F /* Debug */,
				71C8A475222ED6A700394F6F /* Release */,
			);
			defaultConfigurationIsVisible = 0;
			defaultConfigurationName = Release;
		};
/* End XCConfigurationList section */
	};
	rootObject = 719D620B22298A2600377E33 /* Project object */;
}
